
Microsoft Visual Studio Solution File, Format Version 12.00
# Visual Studio 15
VisualStudioVersion = 15.0.28307.329
MinimumVisualStudioVersion = 10.0.40219.1
Project("{FAE04EC0-301F-11D3-BF4B-00C04F79EFBC}") = "CursoWPF01", "CursoWPF01\CursoWPF01.csproj", "{EB77A4FC-A864-466D-81DD-2183CDE7E8B2}"
EndProject
Project("{FAE04EC0-301F-11D3-BF4B-00C04F79EFBC}") = "EmissorRelatorios", "EmissorRelatorios\EmissorRelatorios.csproj", "{493C40EF-5AA3-47A7-A6CC-82FEE46AFD89}"
EndProject
Global
	GlobalSection(SolutionConfigurationPlatforms) = preSolution
		Debug|Any CPU = Debug|Any CPU
		Debug|x64 = Debug|x64
		Debug|x86 = Debug|x86
		Release|Any CPU = Release|Any CPU
		Release|x64 = Release|x64
		Release|x86 = Release|x86
	EndGlobalSection
	GlobalSection(ProjectConfigurationPlatforms) = postSolution
		{EB77A4FC-A864-466D-81DD-2183CDE7E8B2}.Debug|Any CPU.ActiveCfg = Debug|Any CPU
		{EB77A4FC-A864-466D-81DD-2183CDE7E8B2}.Debug|Any CPU.Build.0 = Debug|Any CPU
		{EB77A4FC-A864-466D-81DD-2183CDE7E8B2}.Debug|x64.ActiveCfg = Debug|Any CPU
		{EB77A4FC-A864-466D-81DD-2183CDE7E8B2}.Debug|x64.Build.0 = Debug|Any CPU
		{EB77A4FC-A864-466D-81DD-2183CDE7E8B2}.Debug|x86.ActiveCfg = Debug|Any CPU
		{EB77A4FC-A864-466D-81DD-2183CDE7E8B2}.Debug|x86.Build.0 = Debug|Any CPU
		{EB77A4FC-A864-466D-81DD-2183CDE7E8B2}.Release|Any CPU.ActiveCfg = Release|Any CPU
		{EB77A4FC-A864-466D-81DD-2183CDE7E8B2}.Release|Any CPU.Build.0 = Release|Any CPU
		{EB77A4FC-A864-466D-81DD-2183CDE7E8B2}.Release|x64.ActiveCfg = Release|Any CPU
		{EB77A4FC-A864-466D-81DD-2183CDE7E8B2}.Release|x64.Build.0 = Release|Any CPU
		{EB77A4FC-A864-466D-81DD-2183CDE7E8B2}.Release|x86.ActiveCfg = Release|Any CPU
		{EB77A4FC-A864-466D-81DD-2183CDE7E8B2}.Release|x86.Build.0 = Release|Any CPU
		{493C40EF-5AA3-47A7-A6CC-82FEE46AFD89}.Debug|Any CPU.ActiveCfg = Debug|Any CPU
		{493C40EF-5AA3-47A7-A6CC-82FEE46AFD89}.Debug|Any CPU.Build.0 = Debug|Any CPU
		{493C40EF-5AA3-47A7-A6CC-82FEE46AFD89}.Debug|x64.ActiveCfg = Debug|Any CPU
		{493C40EF-5AA3-47A7-A6CC-82FEE46AFD89}.Debug|x64.Build.0 = Debug|Any CPU
		{493C40EF-5AA3-47A7-A6CC-82FEE46AFD89}.Debug|x86.ActiveCfg = Debug|Any CPU
		{493C40EF-5AA3-47A7-A6CC-82FEE46AFD89}.Debug|x86.Build.0 = Debug|Any CPU
		{493C40EF-5AA3-47A7-A6CC-82FEE46AFD89}.Release|Any CPU.ActiveCfg = Release|Any CPU
		{493C40EF-5AA3-47A7-A6CC-82FEE46AFD89}.Release|Any CPU.Build.0 = Release|Any CPU
		{493C40EF-5AA3-47A7-A6CC-82FEE46AFD89}.Release|x64.ActiveCfg = Release|Any CPU
		{493C40EF-5AA3-47A7-A6CC-82FEE46AFD89}.Release|x64.Build.0 = Release|Any CPU
		{493C40EF-5AA3-47A7-A6CC-82FEE46AFD89}.Release|x86.ActiveCfg = Release|Any CPU
		{493C40EF-5AA3-47A7-A6CC-82FEE46AFD89}.Release|x86.Build.0 = Release|Any CPU
	EndGlobalSection
	GlobalSection(SolutionProperties) = preSolution
		HideSolutionNode = FALSE
	EndGlobalSection
	GlobalSection(ExtensibilityGlobals) = postSolution
		SolutionGuid = {0CA5B7B0-3489-4DCB-BAFF-62FB60DCA3F6}
	EndGlobalSection
EndGlobal
